
Microsoft Visual Studio Solution File, Format Version 12.00
# Visual Studio 15
VisualStudioVersion = 15.0.28307.421
MinimumVisualStudioVersion = 10.0.40219.1
Project("{FAE04EC0-301F-11D3-BF4B-00C04F79EFBC}") = "MediaNowNet.Identity", "MediaNowNet.Identity\MediaNowNet.Identity.csproj", "{A993B594-E526-45C9-BA96-5FB1424E6224}"
EndProject
Project("{FAE04EC0-301F-11D3-BF4B-00C04F79EFBC}") = "MediaNowNet.Channel", "MediaNowNet.Channel\MediaNowNet.Channel.csproj", "{7085B9A6-3AFF-47B8-B003-F4A2C15CD707}"
EndProject
Global
	GlobalSection(SolutionConfigurationPlatforms) = preSolution
		Debug|Any CPU = Debug|Any CPU
		Release|Any CPU = Release|Any CPU
	EndGlobalSection
	GlobalSection(ProjectConfigurationPlatforms) = postSolution
		{A993B594-E526-45C9-BA96-5FB1424E6224}.Debug|Any CPU.ActiveCfg = Debug|Any CPU
		{A993B594-E526-45C9-BA96-5FB1424E6224}.Debug|Any CPU.Build.0 = Debug|Any CPU
		{A993B594-E526-45C9-BA96-5FB1424E6224}.Release|Any CPU.ActiveCfg = Release|Any CPU
		{A993B594-E526-45C9-BA96-5FB1424E6224}.Release|Any CPU.Build.0 = Release|Any CPU
		{7085B9A6-3AFF-47B8-B003-F4A2C15CD707}.Debug|Any CPU.ActiveCfg = Debug|Any CPU
		{7085B9A6-3AFF-47B8-B003-F4A2C15CD707}.Debug|Any CPU.Build.0 = Debug|Any CPU
		{7085B9A6-3AFF-47B8-B003-F4A2C15CD707}.Release|Any CPU.ActiveCfg = Release|Any CPU
		{7085B9A6-3AFF-47B8-B003-F4A2C15CD707}.Release|Any CPU.Build.0 = Release|Any CPU
	EndGlobalSection
	GlobalSection(SolutionProperties) = preSolution
		HideSolutionNode = FALSE
	EndGlobalSection
	GlobalSection(ExtensibilityGlobals) = postSolution
		SolutionGuid = {22C3BFF8-52F6-4803-B955-3E9DC40824C6}
	EndGlobalSection
EndGlobal
